schema: '2.0'
stages:
  qc:
    cmd: python scripts/dataset_qc.py --images data/dataset/images/train 
      --labels data/dataset/labels/train --num-classes 3 --out 
      metrics/qc_train.json
    deps:
    - path: data/dataset
      hash: md5
      md5: ca41364f6953cea1346b2bd85d23c189.dir
      size: 1158752
      nfiles: 16
    - path: scripts/dataset_qc.py
      hash: md5
      md5: 451f718cbcbde99f7c44fdcaa4389364
      size: 1675
    - path: src/visionpipe/datatools.py
      hash: md5
      md5: e8a854d8b321f6b36b4e7fa229c95486
      size: 7771
    outs:
    - path: metrics/qc_train.json
      hash: md5
      md5: db47ad610bf6b33c6baa21bebccb3422
      size: 448
  train:
    cmd: python scripts/train.py --params params.yaml
    deps:
    - path: data/dataset
      hash: md5
      md5: ca41364f6953cea1346b2bd85d23c189.dir
      size: 1158752
      nfiles: 16
    - path: metrics/qc_train.json
      hash: md5
      md5: db47ad610bf6b33c6baa21bebccb3422
      size: 448
    - path: scripts/train.py
      hash: md5
      md5: 253541bdd0c3e377ef63cf8fd176d24b
      size: 2326
    params:
      params.yaml:
        data:
          yaml: data/dataset/data.yaml
          num_classes: 3
        train:
          model: yolov8s.pt
          epochs: 100
          imgsz: 640
          batch: 8
          workers: 2
          seed: 0
          patience: 15
          lr0: 0.01
          hsv_v: 0.5
          degrees: 5
          mosaic: 1.0
    outs:
    - path: metrics/train_metrics.json
      hash: md5
      md5: 04b6161342b7c927f635247002ed5986
      size: 268
    - path: models/best.pt
      hash: md5
      md5: d7204d5f1e2cef9ea77b37d6ac48abd0
      size: 22492195
  evaluate:
    cmd: python scripts/evaluate.py --weights models/best.pt --data 
      data/dataset/data.yaml --min-map50 0.5 --out metrics/eval.json
    deps:
    - path: models/best.pt
      hash: md5
      md5: d7204d5f1e2cef9ea77b37d6ac48abd0
      size: 22492195
    - path: scripts/evaluate.py
      hash: md5
      md5: c828a2deaf6c3cc411b1c23b0c197d1f
      size: 2336
    params:
      params.yaml:
        evaluate:
          min_map50: 0.5
          max_drop_vs_baseline: 0.02
    outs:
    - path: metrics/eval.json
      hash: md5
      md5: 9e4ea0012105e02432110ae644d71701
      size: 202
